// !$*UTF8*$!
{
	archiveVersion = 1;
	classes = {
	};
	objectVersion = 50;
	objects = {

/* Begin PBXBuildFile section */
		8BEE9E47A838D584FD155967 /* Pods_InstagramClone.framework in Frameworks */ = {isa = PBXBuildFile; fileRef = D0415101BAB24487CEDC9510 /* Pods_InstagramClone.framework */; };
		F79FFB0D21A7B7040006BA81 /* HomeViewController.swift in Sources */ = {isa = PBXBuildFile; fileRef = F79FFB0C21A7B7040006BA81 /* HomeViewController.swift */; };
		F79FFB0F21A7B7230006BA81 /* DiscoveryViewController.swift in Sources */ = {isa = PBXBuildFile; fileRef = F79FFB0E21A7B7230006BA81 /* DiscoveryViewController.swift */; };
		F79FFB1121A7B7330006BA81 /* ActivityViewController.swift in Sources */ = {isa = PBXBuildFile; fileRef = F79FFB1021A7B7330006BA81 /* ActivityViewController.swift */; };
		F79FFB1321A7B74A0006BA81 /* ProfileViewController.swift in Sources */ = {isa = PBXBuildFile; fileRef = F79FFB1221A7B74A0006BA81 /* ProfileViewController.swift */; };
		F79FFB1521A7B7560006BA81 /* CameraViewController.swift in Sources */ = {isa = PBXBuildFile; fileRef = F79FFB1421A7B7560006BA81 /* CameraViewController.swift */; };
		F79FFB1921A806A90006BA81 /* Main.storyboard in Resources */ = {isa = PBXBuildFile; fileRef = F79FFB1821A806A90006BA81 /* Main.storyboard */; };
		F7DDC4A021AB8FFF009CB94F /* Home.storyboard in Resources */ = {isa = PBXBuildFile; fileRef = F7DDC49F21AB8FFF009CB94F /* Home.storyboard */; };
		F7DDC4A221AB92FB009CB94F /* Discovery.storyboard in Resources */ = {isa = PBXBuildFile; fileRef = F7DDC4A121AB92FB009CB94F /* Discovery.storyboard */; };
		F7DDC4A421AB93BC009CB94F /* Camera.storyboard in Resources */ = {isa = PBXBuildFile; fileRef = F7DDC4A321AB93BC009CB94F /* Camera.storyboard */; };
		F7DDC4A621AB93FE009CB94F /* Activity.storyboard in Resources */ = {isa = PBXBuildFile; fileRef = F7DDC4A521AB93FE009CB94F /* Activity.storyboard */; };
		F7DDC4A821AB942C009CB94F /* Profile.storyboard in Resources */ = {isa = PBXBuildFile; fileRef = F7DDC4A721AB942C009CB94F /* Profile.storyboard */; };
		F7E86D4021A530EB0081F8A7 /* AppDelegate.swift in Sources */ = {isa = PBXBuildFile; fileRef = F7E86D3F21A530EB0081F8A7 /* AppDelegate.swift */; };
		F7E86D4721A530ED0081F8A7 /* Assets.xcassets in Resources */ = {isa = PBXBuildFile; fileRef = F7E86D4621A530ED0081F8A7 /* Assets.xcassets */; };
		F7E86D4A21A530ED0081F8A7 /* LaunchScreen.storyboard in Resources */ = {isa = PBXBuildFile; fileRef = F7E86D4821A530ED0081F8A7 /* LaunchScreen.storyboard */; };
		F7E86D5221A532A40081F8A7 /* Start.storyboard in Resources */ = {isa = PBXBuildFile; fileRef = F7E86D5121A532A40081F8A7 /* Start.storyboard */; };
		F7E86D5421A5393D0081F8A7 /* SignInViewController.swift in Sources */ = {isa = PBXBuildFile; fileRef = F7E86D5321A5393D0081F8A7 /* SignInViewController.swift */; };
		F7E86D5621A5406C0081F8A7 /* SignUpViewController.swift in Sources */ = {isa = PBXBuildFile; fileRef = F7E86D5521A5406C0081F8A7 /* SignUpViewController.swift */; };
		F7EE3E0021ABECFC005C16F4 /* GoogleService-Info.plist in Resources */ = {isa = PBXBuildFile; fileRef = F7EE3DFF21ABECFC005C16F4 /* GoogleService-Info.plist */; };
/* End PBXBuildFile section */

/* Begin PBXFileReference section */
		5D2FB0F0082784E2FE60468D /* Pods-InstagramClone.release.xcconfig */ = {isa = PBXFileReference; includeInIndex = 1; lastKnownFileType = text.xcconfig; name = "Pods-InstagramClone.release.xcconfig"; path = "Pods/Target Support Files/Pods-InstagramClone/Pods-InstagramClone.release.xcconfig"; sourceTree = "<group>"; };
		D0415101BAB24487CEDC9510 /* Pods_InstagramClone.framework */ = {isa = PBXFileReference; explicitFileType = wrapper.framework; includeInIndex = 0; path = Pods_InstagramClone.framework; sourceTree = BUILT_PRODUCTS_DIR; };
		F72663ABD5D8E11F18178FF6 /* Pods-InstagramClone.debug.xcconfig */ = {isa = PBXFileReference; includeInIndex = 1; lastKnownFileType = text.xcconfig; name = "Pods-InstagramClone.debug.xcconfig"; path = "Pods/Target Support Files/Pods-InstagramClone/Pods-InstagramClone.debug.xcconfig"; sourceTree = "<group>"; };
		F79FFB0C21A7B7040006BA81 /* HomeViewController.swift */ = {isa = PBXFileReference; lastKnownFileType = sourcecode.swift; path = HomeViewController.swift; sourceTree = "<group>"; };
		F79FFB0E21A7B7230006BA81 /* DiscoveryViewController.swift */ = {isa = PBXFileReference; lastKnownFileType = sourcecode.swift; path = DiscoveryViewController.swift; sourceTree = "<group>"; };
		F79FFB1021A7B7330006BA81 /* ActivityViewController.swift */ = {isa = PBXFileReference; lastKnownFileType = sourcecode.swift; path = ActivityViewController.swift; sourceTree = "<group>"; };
		F79FFB1221A7B74A0006BA81 /* ProfileViewController.swift */ = {isa = PBXFileReference; lastKnownFileType = sourcecode.swift; path = ProfileViewController.swift; sourceTree = "<group>"; };
		F79FFB1421A7B7560006BA81 /* CameraViewController.swift */ = {isa = PBXFileReference; lastKnownFileType = sourcecode.swift; path = CameraViewController.swift; sourceTree = "<group>"; };
		F79FFB1821A806A90006BA81 /* Main.storyboard */ = {isa = PBXFileReference; fileEncoding = 4; lastKnownFileType = file.storyboard; path = Main.storyboard; sourceTree = "<group>"; };
		F7DDC49F21AB8FFF009CB94F /* Home.storyboard */ = {isa = PBXFileReference; fileEncoding = 4; lastKnownFileType = file.storyboard; path = Home.storyboard; sourceTree = "<group>"; };
		F7DDC4A121AB92FB009CB94F /* Discovery.storyboard */ = {isa = PBXFileReference; fileEncoding = 4; lastKnownFileType = file.storyboard; path = Discovery.storyboard; sourceTree = "<group>"; };
		F7DDC4A321AB93BC009CB94F /* Camera.storyboard */ = {isa = PBXFileReference; fileEncoding = 4; lastKnownFileType = file.storyboard; path = Camera.storyboard; sourceTree = "<group>"; };
		F7DDC4A521AB93FE009CB94F /* Activity.storyboard */ = {isa = PBXFileReference; fileEncoding = 4; lastKnownFileType = file.storyboard; path = Activity.storyboard; sourceTree = "<group>"; };
		F7DDC4A721AB942C009CB94F /* Profile.storyboard */ = {isa = PBXFileReference; fileEncoding = 4; lastKnownFileType = file.storyboard; path = Profile.storyboard; sourceTree = "<group>"; };
		F7E86D3C21A530EB0081F8A7 /* InstagramClone.app */ = {isa = PBXFileReference; explicitFileType = wrapper.application; includeInIndex = 0; path = InstagramClone.app; sourceTree = BUILT_PRODUCTS_DIR; };
		F7E86D3F21A530EB0081F8A7 /* AppDelegate.swift */ = {isa = PBXFileReference; lastKnownFileType = sourcecode.swift; path = AppDelegate.swift; sourceTree = "<group>"; };
		F7E86D4621A530ED0081F8A7 /* Assets.xcassets */ = {isa = PBXFileReference; lastKnownFileType = folder.assetcatalog; path = Assets.xcassets; sourceTree = "<group>"; };
		F7E86D4921A530ED0081F8A7 /* Base */ = {isa = PBXFileReference; lastKnownFileType = file.storyboard; name = Base; path = Base.lproj/LaunchScreen.storyboard; sourceTree = "<group>"; };
		F7E86D4B21A530ED0081F8A7 /* Info.plist */ = {isa = PBXFileReference; lastKnownFileType = text.plist.xml; path = Info.plist; sourceTree = "<group>"; };
		F7E86D5121A532A40081F8A7 /* Start.storyboard */ = {isa = PBXFileReference; lastKnownFileType = file.storyboard; path = Start.storyboard; sourceTree = "<group>"; };
		F7E86D5321A5393D0081F8A7 /* SignInViewController.swift */ = {isa = PBXFileReference; lastKnownFileType = sourcecode.swift; path = SignInViewController.swift; sourceTree = "<group>"; };
		F7E86D5521A5406C0081F8A7 /* SignUpViewController.swift */ = {isa = PBXFileReference; lastKnownFileType = sourcecode.swift; path = SignUpViewController.swift; sourceTree = "<group>"; };
		F7EE3DFF21ABECFC005C16F4 /* GoogleService-Info.plist */ = {isa = PBXFileReference; fileEncoding = 4; lastKnownFileType = text.plist.xml; name = "GoogleService-Info.plist"; path = "../../../../Downloads/GoogleService-Info.plist"; sourceTree = "<group>"; };
/* End PBXFileReference section */

/* Begin PBXFrameworksBuildPhase section */
		F7E86D3921A530EB0081F8A7 /* Frameworks */ = {
			isa = PBXFrameworksBuildPhase;
			buildActionMask = 2147483647;
			files = (
				8BEE9E47A838D584FD155967 /* Pods_InstagramClone.framework in Frameworks */,
			);
			runOnlyForDeploymentPostprocessing = 0;
		};
/* End PBXFrameworksBuildPhase section */

/* Begin PBXGroup section */
		84D6E6E54194A201DDB397BD /* Pods */ = {
			isa = PBXGroup;
			children = (
				F72663ABD5D8E11F18178FF6 /* Pods-InstagramClone.debug.xcconfig */,
				5D2FB0F0082784E2FE60468D /* Pods-InstagramClone.release.xcconfig */,
			);
			name = Pods;
			sourceTree = "<group>";
		};
		C09FDD0FCF04B56BB8C0DA88 /* Frameworks */ = {
			isa = PBXGroup;
			children = (
				D0415101BAB24487CEDC9510 /* Pods_InstagramClone.framework */,
			);
			name = Frameworks;
			sourceTree = "<group>";
		};
		F7E86D3321A530EB0081F8A7 = {
			isa = PBXGroup;
			children = (
				F7E86D3E21A530EB0081F8A7 /* InstagramClone */,
				F7E86D3D21A530EB0081F8A7 /* Products */,
				84D6E6E54194A201DDB397BD /* Pods */,
				C09FDD0FCF04B56BB8C0DA88 /* Frameworks */,
			);
			sourceTree = "<group>";
		};
		F7E86D3D21A530EB0081F8A7 /* Products */ = {
			isa = PBXGroup;
			children = (
				F7E86D3C21A530EB0081F8A7 /* InstagramClone.app */,
			);
			name = Products;
			sourceTree = "<group>";
		};
		F7E86D3E21A530EB0081F8A7 /* InstagramClone */ = {
			isa = PBXGroup;
			children = (
				F7EE3DFF21ABECFC005C16F4 /* GoogleService-Info.plist */,
				F7E86D3F21A530EB0081F8A7 /* AppDelegate.swift */,
				F7E86D4621A530ED0081F8A7 /* Assets.xcassets */,
				F7E86D4821A530ED0081F8A7 /* LaunchScreen.storyboard */,
				F7E86D4B21A530ED0081F8A7 /* Info.plist */,
				F7E86D5121A532A40081F8A7 /* Start.storyboard */,
				F79FFB1821A806A90006BA81 /* Main.storyboard */,
				F7DDC4A721AB942C009CB94F /* Profile.storyboard */,
				F7DDC4A521AB93FE009CB94F /* Activity.storyboard */,
				F7DDC4A321AB93BC009CB94F /* Camera.storyboard */,
				F7DDC4A121AB92FB009CB94F /* Discovery.storyboard */,
				F7DDC49F21AB8FFF009CB94F /* Home.storyboard */,
				F7E86D5321A5393D0081F8A7 /* SignInViewController.swift */,
				F7E86D5521A5406C0081F8A7 /* SignUpViewController.swift */,
				F79FFB0C21A7B7040006BA81 /* HomeViewController.swift */,
				F79FFB0E21A7B7230006BA81 /* DiscoveryViewController.swift */,
				F79FFB1021A7B7330006BA81 /* ActivityViewController.swift */,
				F79FFB1221A7B74A0006BA81 /* ProfileViewController.swift */,
				F79FFB1421A7B7560006BA81 /* CameraViewController.swift */,
			);
			path = InstagramClone;
			sourceTree = "<group>";
		};
/* End PBXGroup section */

/* Begin PBXNativeTarget section */
		F7E86D3B21A530EB0081F8A7 /* InstagramClone */ = {
			isa = PBXNativeTarget;
			buildConfigurationList = F7E86D4E21A530ED0081F8A7 /* Build configuration list for PBXNativeTarget "InstagramClone" */;
			buildPhases = (
				9D04AFAB10B084CBB7634F2C /* [CP] Check Pods Manifest.lock */,
				F7E86D3821A530EB0081F8A7 /* Sources */,
				F7E86D3921A530EB0081F8A7 /* Frameworks */,
				F7E86D3A21A530EB0081F8A7 /* Resources */,
				C8D73B03E7C79363DB0FDE4C /* [CP] Embed Pods Frameworks */,
			);
			buildRules = (
			);
			dependencies = (
			);
			name = InstagramClone;
			productName = InstagramClone;
			productReference = F7E86D3C21A530EB0081F8A7 /* InstagramClone.app */;
			productType = "com.apple.product-type.application";
		};
/* End PBXNativeTarget section */

/* Begin PBXProject section */
		F7E86D3421A530EB0081F8A7 /* Project object */ = {
			isa = PBXProject;
			attributes = {
				LastSwiftUpdateCheck = 1010;
				LastUpgradeCheck = 1010;
				ORGANIZATIONNAME = toanpq1.dtl;
				TargetAttributes = {
					F7E86D3B21A530EB0081F8A7 = {
						CreatedOnToolsVersion = 10.1;
					};
				};
			};
			buildConfigurationList = F7E86D3721A530EB0081F8A7 /* Build configuration list for PBXProject "InstagramClone" */;
			compatibilityVersion = "Xcode 9.3";
			developmentRegion = en;
			hasScannedForEncodings = 0;
			knownRegions = (
				en,
				Base,
			);
			mainGroup = F7E86D3321A530EB0081F8A7;
			productRefGroup = F7E86D3D21A530EB0081F8A7 /* Products */;
			projectDirPath = "";
			projectRoot = "";
			targets = (
				F7E86D3B21A530EB0081F8A7 /* InstagramClone */,
			);
		};
/* End PBXProject section */

/* Begin PBXResourcesBuildPhase section */
		F7E86D3A21A530EB0081F8A7 /* Resources */ = {
			isa = PBXResourcesBuildPhase;
			buildActionMask = 2147483647;
			files = (
				F7E86D4A21A530ED0081F8A7 /* LaunchScreen.storyboard in Resources */,
				F7DDC4A421AB93BC009CB94F /* Camera.storyboard in Resources */,
				F7DDC4A021AB8FFF009CB94F /* Home.storyboard in Resources */,
				F7E86D5221A532A40081F8A7 /* Start.storyboard in Resources */,
				F7E86D4721A530ED0081F8A7 /* Assets.xcassets in Resources */,
				F79FFB1921A806A90006BA81 /* Main.storyboard in Resources */,
				F7DDC4A821AB942C009CB94F /* Profile.storyboard in Resources */,
				F7EE3E0021ABECFC005C16F4 /* GoogleService-Info.plist in Resources */,
				F7DDC4A221AB92FB009CB94F /* Discovery.storyboard in Resources */,
				F7DDC4A621AB93FE009CB94F /* Activity.storyboard in Resources */,
			);
			runOnlyForDeploymentPostprocessing = 0;
		};
/* End PBXResourcesBuildPhase section */

/* Begin PBXShellScriptBuildPhase section */
		9D04AFAB10B084CBB7634F2C /* [CP] Check Pods Manifest.lock */ = {
			isa = PBXShellScriptBuildPhase;
			buildActionMask = 2147483647;
			files = (
			);
			inputFileListPaths = (
			);
			inputPaths = (
				"${PODS_PODFILE_DIR_PATH}/Podfile.lock",
				"${PODS_ROOT}/Manifest.lock",
			);
			name = "[CP] Check Pods Manifest.lock";
			outputFileListPaths = (
			);
			outputPaths = (
				"$(DERIVED_FILE_DIR)/Pods-InstagramClone-checkManifestLockResult.txt",
			);
			runOnlyForDeploymentPostprocessing = 0;
			shellPath = /bin/sh;
			shellScript = "diff \"${PODS_PODFILE_DIR_PATH}/Podfile.lock\" \"${PODS_ROOT}/Manifest.lock\" > /dev/null\nif [ $? != 0 ] ; then\n    # print error to STDERR\n    echo \"error: The sandbox is not in sync with the Podfile.lock. Run 'pod install' or update your CocoaPods installation.\" >&2\n    exit 1\nfi\n# This output is used by Xcode 'outputs' to avoid re-running this script phase.\necho \"SUCCESS\" > \"${SCRIPT_OUTPUT_FILE_0}\"\n";
			showEnvVarsInLog = 0;
		};
		C8D73B03E7C79363DB0FDE4C /* [CP] Embed Pods Frameworks */ = {
			isa = PBXShellScriptBuildPhase;
			buildActionMask = 2147483647;
			files = (
			);
			inputFileListPaths = (
			);
			inputPaths = (
				"${SRCROOT}/Pods/Target Support Files/Pods-InstagramClone/Pods-InstagramClone-frameworks.sh",
				"${BUILT_PRODUCTS_DIR}/GTMSessionFetcher/GTMSessionFetcher.framework",
				"${BUILT_PRODUCTS_DIR}/GoogleUtilities/GoogleUtilities.framework",
				"${BUILT_PRODUCTS_DIR}/nanopb/nanopb.framework",
			);
			name = "[CP] Embed Pods Frameworks";
			outputFileListPaths = (
			);
			outputPaths = (
				"${TARGET_BUILD_DIR}/${FRAMEWORKS_FOLDER_PATH}/GTMSessionFetcher.framework",
				"${TARGET_BUILD_DIR}/${FRAMEWORKS_FOLDER_PATH}/GoogleUtilities.framework",
				"${TARGET_BUILD_DIR}/${FRAMEWORKS_FOLDER_PATH}/nanopb.framework",
			);
			runOnlyForDeploymentPostprocessing = 0;
			shellPath = /bin/sh;
			shellScript = "\"${SRCROOT}/Pods/Target Support Files/Pods-InstagramClone/Pods-InstagramClone-frameworks.sh\"\n";
			showEnvVarsInLog = 0;
		};
/* End PBXShellScriptBuildPhase section */

/* Begin PBXSourcesBuildPhase section */
		F7E86D3821A530EB0081F8A7 /* Sources */ = {
			isa = PBXSourcesBuildPhase;
			buildActionMask = 2147483647;
			files = (
				F7E86D5621A5406C0081F8A7 /* SignUpViewController.swift in Sources */,
				F79FFB1121A7B7330006BA81 /* ActivityViewController.swift in Sources */,
				F7E86D5421A5393D0081F8A7 /* SignInViewController.swift in Sources */,
				F7E86D4021A530EB0081F8A7 /* AppDelegate.swift in Sources */,
				F79FFB1321A7B74A0006BA81 /* ProfileViewController.swift in Sources */,
				F79FFB1521A7B7560006BA81 /* CameraViewController.swift in Sources */,
				F79FFB0D21A7B7040006BA81 /* HomeViewController.swift in Sources */,
				F79FFB0F21A7B7230006BA81 /* DiscoveryViewController.swift in Sources */,
			);
			runOnlyForDeploymentPostprocessing = 0;
		};
/* End PBXSourcesBuildPhase section */

/* Begin PBXVariantGroup section */
		F7E86D4821A530ED0081F8A7 /* LaunchScreen.storyboard */ = {
			isa = PBXVariantGroup;
			children = (
				F7E86D4921A530ED0081F8A7 /* Base */,
			);
			name = LaunchScreen.storyboard;
			sourceTree = "<group>";
		};
/* End PBXVariantGroup section */

/* Begin XCBuildConfiguration section */
		F7E86D4C21A530ED0081F8A7 /* Debug */ = {
			isa = XCBuildConfiguration;
			buildSettings = {
				ALWAYS_SEARCH_USER_PATHS = NO;
				CLANG_ANALYZER_NONNULL = YES;
				CLANG_ANALYZER_NUMBER_OBJECT_CONVERSION = YES_AGGRESSIVE;
				CLANG_CXX_LANGUAGE_STANDARD = "gnu++14";
				CLANG_CXX_LIBRARY = "libc++";
				CLANG_ENABLE_MODULES = YES;
				CLANG_ENABLE_OBJC_ARC = YES;
				CLANG_ENABLE_OBJC_WEAK = YES;
				CLANG_WARN_BLOCK_CAPTURE_AUTORELEASING = YES;
				CLANG_WARN_BOOL_CONVERSION = YES;
				CLANG_WARN_COMMA = YES;
				CLANG_WARN_CONSTANT_CONVERSION = YES;
				CLANG_WARN_DEPRECATED_OBJC_IMPLEMENTATIONS = YES;
				CLANG_WARN_DIRECT_OBJC_ISA_USAGE = YES_ERROR;
				CLANG_WARN_DOCUMENTATION_COMMENTS = YES;
				CLANG_WARN_EMPTY_BODY = YES;
				CLANG_WARN_ENUM_CONVERSION = YES;
				CLANG_WARN_INFINITE_RECURSION = YES;
				CLANG_WARN_INT_CONVERSION = YES;
				CLANG_WARN_NON_LITERAL_NULL_CONVERSION = YES;
				CLANG_WARN_OBJC_IMPLICIT_RETAIN_SELF = YES;
				CLANG_WARN_OBJC_LITERAL_CONVERSION = YES;
				CLANG_WARN_OBJC_ROOT_CLASS = YES_ERROR;
				CLANG_WARN_RANGE_LOOP_ANALYSIS = YES;
				CLANG_WARN_STRICT_PROTOTYPES = YES;
				CLANG_WARN_SUSPICIOUS_MOVE = YES;
				CLANG_WARN_UNGUARDED_AVAILABILITY = YES_AGGRESSIVE;
				CLANG_WARN_UNREACHABLE_CODE = YES;
				CLANG_WARN__DUPLICATE_METHOD_MATCH = YES;
				CODE_SIGN_IDENTITY = "iPhone Developer";
				COPY_PHASE_STRIP = NO;
				DEBUG_INFORMATION_FORMAT = dwarf;
				ENABLE_STRICT_OBJC_MSGSEND = YES;
				ENABLE_TESTABILITY = YES;
				GCC_C_LANGUAGE_STANDARD = gnu11;
				GCC_DYNAMIC_NO_PIC = NO;
				GCC_NO_COMMON_BLOCKS = YES;
				GCC_OPTIMIZATION_LEVEL = 0;
				GCC_PREPROCESSOR_DEFINITIONS = (
					"DEBUG=1",
					"$(inherited)",
				);
				GCC_WARN_64_TO_32_BIT_CONVERSION = YES;
				GCC_WARN_ABOUT_RETURN_TYPE = YES_ERROR;
				GCC_WARN_UNDECLARED_SELECTOR = YES;
				GCC_WARN_UNINITIALIZED_AUTOS = YES_AGGRESSIVE;
				GCC_WARN_UNUSED_FUNCTION = YES;
				GCC_WARN_UNUSED_VARIABLE = YES;
				IPHONEOS_DEPLOYMENT_TARGET = 12.1;
				MTL_ENABLE_DEBUG_INFO = INCLUDE_SOURCE;
				MTL_FAST_MATH = YES;
				ONLY_ACTIVE_ARCH = YES;
				SDKROOT = iphoneos;
				SWIFT_ACTIVE_COMPILATION_CONDITIONS = DEBUG;
				SWIFT_OPTIMIZATION_LEVEL = "-Onone";
			};
			name = Debug;
		};
		F7E86D4D21A530ED0081F8A7 /* Release */ = {
			isa = XCBuildConfiguration;
			buildSettings = {
				ALWAYS_SEARCH_USER_PATHS = NO;
				CLANG_ANALYZER_NONNULL = YES;
				CLANG_ANALYZER_NUMBER_OBJECT_CONVERSION = YES_AGGRESSIVE;
				CLANG_CXX_LANGUAGE_STANDARD = "gnu++14";
				CLANG_CXX_LIBRARY = "libc++";
				CLANG_ENABLE_MODULES = YES;
				CLANG_ENABLE_OBJC_ARC = YES;
				CLANG_ENABLE_OBJC_WEAK = YES;
				CLANG_WARN_BLOCK_CAPTURE_AUTORELEASING = YES;
				CLANG_WARN_BOOL_CONVERSION = YES;
				CLANG_WARN_COMMA = YES;
				CLANG_WARN_CONSTANT_CONVERSION = YES;
				CLANG_WARN_DEPRECATED_OBJC_IMPLEMENTATIONS = YES;
				CLANG_WARN_DIRECT_OBJC_ISA_USAGE = YES_ERROR;
				CLANG_WARN_DOCUMENTATION_COMMENTS = YES;
				CLANG_WARN_EMPTY_BODY = YES;
				CLANG_WARN_ENUM_CONVERSION = YES;
				CLANG_WARN_INFINITE_RECURSION = YES;
				CLANG_WARN_INT_CONVERSION = YES;
				CLANG_WARN_NON_LITERAL_NULL_CONVERSION = YES;
				CLANG_WARN_OBJC_IMPLICIT_RETAIN_SELF = YES;
				CLANG_WARN_OBJC_LITERAL_CONVERSION = YES;
				CLANG_WARN_OBJC_ROOT_CLASS = YES_ERROR;
				CLANG_WARN_RANGE_LOOP_ANALYSIS = YES;
				CLANG_WARN_STRICT_PROTOTYPES = YES;
				CLANG_WARN_SUSPICIOUS_MOVE = YES;
				CLANG_WARN_UNGUARDED_AVAILABILITY = YES_AGGRESSIVE;
				CLANG_WARN_UNREACHABLE_CODE = YES;
				CLANG_WARN__DUPLICATE_METHOD_MATCH = YES;
				CODE_SIGN_IDENTITY = "iPhone Developer";
				COPY_PHASE_STRIP = NO;
				DEBUG_INFORMATION_FORMAT = "dwarf-with-dsym";
				ENABLE_NS_ASSERTIONS = NO;
				ENABLE_STRICT_OBJC_MSGSEND = YES;
				GCC_C_LANGUAGE_STANDARD = gnu11;
				GCC_NO_COMMON_BLOCKS = YES;
				GCC_WARN_64_TO_32_BIT_CONVERSION = YES;
				GCC_WARN_ABOUT_RETURN_TYPE = YES_ERROR;
				GCC_WARN_UNDECLARED_SELECTOR = YES;
				GCC_WARN_UNINITIALIZED_AUTOS = YES_AGGRESSIVE;
				GCC_WARN_UNUSED_FUNCTION = YES;
				GCC_WARN_UNUSED_VARIABLE = YES;
				IPHONEOS_DEPLOYMENT_TARGET = 12.1;
				MTL_ENABLE_DEBUG_INFO = NO;
				MTL_FAST_MATH = YES;
				SDKROOT = iphoneos;
				SWIFT_COMPILATION_MODE = wholemodule;
				SWIFT_OPTIMIZATION_LEVEL = "-O";
				VALIDATE_PRODUCT = YES;
			};
			name = Release;
		};
		F7E86D4F21A530ED0081F8A7 /* Debug */ = {
			isa = XCBuildConfiguration;
			baseConfigurationReference = F72663ABD5D8E11F18178FF6 /* Pods-InstagramClone.debug.xcconfig */;
			buildSettings = {
				ASSETCATALOG_COMPILER_APPICON_NAME = AppIcon;
				CODE_SIGN_STYLE = Automatic;
				DEVELOPMENT_TEAM = 76B2852YYZ;
				INFOPLIST_FILE = InstagramClone/Info.plist;
				LD_RUNPATH_SEARCH_PATHS = (
					"$(inherited)",
					"@executable_path/Frameworks",
				);
				PRODUCT_BUNDLE_IDENTIFIER = com.nguythang.InstagramClone;
				PRODUCT_NAME = "$(TARGET_NAME)";
				SWIFT_VERSION = 4.2;
				TARGETED_DEVICE_FAMILY = "1,2";
			};
			name = Debug;
		};
		F7E86D5021A530ED0081F8A7 /* Release */ = {
			isa = XCBuildConfiguration;
			baseConfigurationReference = 5D2FB0F0082784E2FE60468D /* Pods-InstagramClone.release.xcconfig */;
			buildSettings = {
				ASSETCATALOG_COMPILER_APPICON_NAME = AppIcon;
				CODE_SIGN_STYLE = Automatic;
				DEVELOPMENT_TEAM = 76B2852YYZ;
				INFOPLIST_FILE = InstagramClone/Info.plist;
				LD_RUNPATH_SEARCH_PATHS = (
					"$(inherited)",
					"@executable_path/Frameworks",
				);
				PRODUCT_BUNDLE_IDENTIFIER = com.nguythang.InstagramClone;
				PRODUCT_NAME = "$(TARGET_NAME)";
				SWIFT_VERSION = 4.2;
				TARGETED_DEVICE_FAMILY = "1,2";
			};
			name = Release;
		};
/* End XCBuildConfiguration section */

/* Begin XCConfigurationList section */
		F7E86D3721A530EB0081F8A7 /* Build configuration list for PBXProject "InstagramClone" */ = {
			isa = XCConfigurationList;
			buildConfigurations = (
				F7E86D4C21A530ED0081F8A7 /* Debug */,
				F7E86D4D21A530ED0081F8A7 /* Release */,
			);
			defaultConfigurationIsVisible = 0;
			defaultConfigurationName = Release;
		};
		F7E86D4E21A530ED0081F8A7 /* Build configuration list for PBXNativeTarget "InstagramClone" */ = {
			isa = XCConfigurationList;
			buildConfigurations = (
				F7E86D4F21A530ED0081F8A7 /* Debug */,
				F7E86D5021A530ED0081F8A7 /* Release */,
			);
			defaultConfigurationIsVisible = 0;
			defaultConfigurationName = Release;
		};
/* End XCConfigurationList section */
	};
	rootObject = F7E86D3421A530EB0081F8A7 /* Project object */;
}
